
Microsoft Visual Studio Solution File, Format Version 12.00
# Visual Studio 15
VisualStudioVersion = 15.0.27004.2005
MinimumVisualStudioVersion = 10.0.40219.1
Project("{FAE04EC0-301F-11D3-BF4B-00C04F79EFBC}") = "EA2", "EA2\EA2.csproj", "{D9674254-3F2C-4574-B200-A8F5A10BE921}"
EndProject
Global
	GlobalSection(SolutionConfigurationPlatforms) = preSolution
		Debug|Any CPU = Debug|Any CPU
		Release|Any CPU = Release|Any CPU
	EndGlobalSection
	GlobalSection(ProjectConfigurationPlatforms) = postSolution
		{D9674254-3F2C-4574-B200-A8F5A10BE921}.Debug|Any CPU.ActiveCfg = Debug|Any CPU
		{D9674254-3F2C-4574-B200-A8F5A10BE921}.Debug|Any CPU.Build.0 = Debug|Any CPU
		{D9674254-3F2C-4574-B200-A8F5A10BE921}.Release|Any CPU.ActiveCfg = Release|Any CPU
		{D9674254-3F2C-4574-B200-A8F5A10BE921}.Release|Any CPU.Build.0 = Release|Any CPU
	EndGlobalSection
	GlobalSection(SolutionProperties) = preSolution
		HideSolutionNode = FALSE
	EndGlobalSection
	GlobalSection(ExtensibilityGlobals) = postSolution
		SolutionGuid = {35D2307E-718D-4CD5-AD10-4BB59AEF03D7}
	EndGlobalSection
EndGlobal
