
Microsoft Visual Studio Solution File, Format Version 12.00
# Visual Studio 15
VisualStudioVersion = 15.0.27130.2024
MinimumVisualStudioVersion = 10.0.40219.1
Project("{FAE04EC0-301F-11D3-BF4B-00C04F79EFBC}") = "Test App 2", "Test App 2\Test App 2.csproj", "{B8C8F4EF-1B71-4EAC-AAC4-AB45D9AA071D}"
EndProject
Global
	GlobalSection(SolutionConfigurationPlatforms) = preSolution
		Debug|Any CPU = Debug|Any CPU
		Release|Any CPU = Release|Any CPU
	EndGlobalSection
	GlobalSection(ProjectConfigurationPlatforms) = postSolution
		{B8C8F4EF-1B71-4EAC-AAC4-AB45D9AA071D}.Debug|Any CPU.ActiveCfg = Debug|Any CPU
		{B8C8F4EF-1B71-4EAC-AAC4-AB45D9AA071D}.Debug|Any CPU.Build.0 = Debug|Any CPU
		{B8C8F4EF-1B71-4EAC-AAC4-AB45D9AA071D}.Release|Any CPU.ActiveCfg = Release|Any CPU
		{B8C8F4EF-1B71-4EAC-AAC4-AB45D9AA071D}.Release|Any CPU.Build.0 = Release|Any CPU
	EndGlobalSection
	GlobalSection(SolutionProperties) = preSolution
		HideSolutionNode = FALSE
	EndGlobalSection
	GlobalSection(ExtensibilityGlobals) = postSolution
		SolutionGuid = {30DA27B6-DA54-4A2C-A8AB-26237FED24D6}
	EndGlobalSection
EndGlobal
